
Microsoft Visual Studio Solution File, Format Version 12.00
# Visual Studio Version 16
VisualStudioVersion = 16.0.29123.88
MinimumVisualStudioVersion = 10.0.40219.1
Project("{FAE04EC0-301F-11D3-BF4B-00C04F79EFBC}") = "ExpressionBuilder", "ExpressionBuilder.csproj", "{42E63C44-7F5E-490E-B987-D8B386902991}"
EndProject
Project("{FAE04EC0-301F-11D3-BF4B-00C04F79EFBC}") = "ExpressionBuilderTests", "..\ExpressionBuilderTests\ExpressionBuilderTests.csproj", "{81D945A8-AE00-465D-BE57-10DFB795B126}"
EndProject
Global
	GlobalSection(SolutionConfigurationPlatforms) = preSolution
		Debug|Any CPU = Debug|Any CPU
		Release|Any CPU = Release|Any CPU
	EndGlobalSection
	GlobalSection(ProjectConfigurationPlatforms) = postSolution
		{42E63C44-7F5E-490E-B987-D8B386902991}.Debug|Any CPU.ActiveCfg = Debug|Any CPU
		{42E63C44-7F5E-490E-B987-D8B386902991}.Debug|Any CPU.Build.0 = Debug|Any CPU
		{42E63C44-7F5E-490E-B987-D8B386902991}.Release|Any CPU.ActiveCfg = Release|Any CPU
		{42E63C44-7F5E-490E-B987-D8B386902991}.Release|Any CPU.Build.0 = Release|Any CPU
		{81D945A8-AE00-465D-BE57-10DFB795B126}.Debug|Any CPU.ActiveCfg = Debug|Any CPU
		{81D945A8-AE00-465D-BE57-10DFB795B126}.Debug|Any CPU.Build.0 = Debug|Any CPU
		{81D945A8-AE00-465D-BE57-10DFB795B126}.Release|Any CPU.ActiveCfg = Release|Any CPU
		{81D945A8-AE00-465D-BE57-10DFB795B126}.Release|Any CPU.Build.0 = Release|Any CPU
	EndGlobalSection
	GlobalSection(SolutionProperties) = preSolution
		HideSolutionNode = FALSE
	EndGlobalSection
	GlobalSection(ExtensibilityGlobals) = postSolution
		SolutionGuid = {F0368A0A-F632-4A31-AD2F-56A32DAFC2B5}
	EndGlobalSection
EndGlobal
